{
  "name": "FareyeReact",
  "version": "0.0.2",
  "lockfileVersion": 1,
  "requires": true,
  "dependencies": {
    "events": {
      "version": "1.1.1",
      "resolved": "https://registry.npmjs.org/events/-/events-1.1.1.tgz",
      "integrity": "sha1-nr23Y1rQmccNzEwqH1AEKI6L2SQ="
    },
    "react-native-paho-mqtt": {
      "version": "0.1.1",
      "resolved": "https://registry.npmjs.org/react-native-paho-mqtt/-/react-native-paho-mqtt-0.1.1.tgz",
      "integrity": "sha1-GB1dn8vuPCXlYOSqOuulsN85EOg=",
      "requires": {
        "events": "1.1.1"
      }
    }
  }
}
